
Microsoft Visual Studio Solution File, Format Version 12.00
# Visual Studio Version 16
VisualStudioVersion = 16.0.30611.23
MinimumVisualStudioVersion = 10.0.40219.1
Project("{FAE04EC0-301F-11D3-BF4B-00C04F79EFBC}") = "CalculadoraProyecto1", "CalculadoraProyecto1\CalculadoraProyecto1.csproj", "{1BE76B98-ED47-4F41-B941-E9E75BDDF0CC}"
EndProject
Global
	GlobalSection(SolutionConfigurationPlatforms) = preSolution
		Debug|Any CPU = Debug|Any CPU
		Release|Any CPU = Release|Any CPU
	EndGlobalSection
	GlobalSection(ProjectConfigurationPlatforms) = postSolution
		{1BE76B98-ED47-4F41-B941-E9E75BDDF0CC}.Debug|Any CPU.ActiveCfg = Debug|Any CPU
		{1BE76B98-ED47-4F41-B941-E9E75BDDF0CC}.Debug|Any CPU.Build.0 = Debug|Any CPU
		{1BE76B98-ED47-4F41-B941-E9E75BDDF0CC}.Release|Any CPU.ActiveCfg = Release|Any CPU
		{1BE76B98-ED47-4F41-B941-E9E75BDDF0CC}.Release|Any CPU.Build.0 = Release|Any CPU
	EndGlobalSection
	GlobalSection(SolutionProperties) = preSolution
		HideSolutionNode = FALSE
	EndGlobalSection
	GlobalSection(ExtensibilityGlobals) = postSolution
		SolutionGuid = {37A5F474-0FDC-454B-BDBC-14996BA2E12E}
	EndGlobalSection
EndGlobal
